// !$*UTF8*$!
{
	archiveVersion = 1;
	classes = {
	};
	objectVersion = 56;
	objects = {

/* Begin PBXBuildFile section */
		A1000001000000000000001 /* LocalMediaEnhancerApp.swift in Sources */ = {isa = PBXBuildFile; fileRef = A1000002000000000000001 /* LocalMediaEnhancerApp.swift */; };
		A1000003000000000000001 /* MainView.swift in Sources */ = {isa = PBXBuildFile; fileRef = A1000004000000000000001 /* MainView.swift */; };
		A1000005000000000000001 /* MediaAsset.swift in Sources */ = {isa = PBXBuildFile; fileRef = A1000006000000000000001 /* MediaAsset.swift */; };
		A1000007000000000000001 /* EnhancementSettings.swift in Sources */ = {isa = PBXBuildFile; fileRef = A1000008000000000000001 /* EnhancementSettings.swift */; };
		A1000009000000000000001 /* ExportTask.swift in Sources */ = {isa = PBXBuildFile; fileRef = A100000A000000000000001 /* ExportTask.swift */; };
		A100000B000000000000001 /* PhotoLibraryManager.swift in Sources */ = {isa = PBXBuildFile; fileRef = A100000C000000000000001 /* PhotoLibraryManager.swift */; };
		A100000D000000000000001 /* ImageEnhancer.swift in Sources */ = {isa = PBXBuildFile; fileRef = A100000E000000000000001 /* ImageEnhancer.swift */; };
		A100000F000000000000001 /* VideoEnhancer.swift in Sources */ = {isa = PBXBuildFile; fileRef = A1000010000000000000001 /* VideoEnhancer.swift */; };
		A1000011000000000000001 /* VideoFrameDecoder.swift in Sources */ = {isa = PBXBuildFile; fileRef = A1000012000000000000001 /* VideoFrameDecoder.swift */; };
		A1000013000000000000001 /* MetalRenderer.swift in Sources */ = {isa = PBXBuildFile; fileRef = A1000014000000000000001 /* MetalRenderer.swift */; };
		A1000015000000000000001 /* ExportManager.swift in Sources */ = {isa = PBXBuildFile; fileRef = A1000016000000000000001 /* ExportManager.swift */; };
		A1000017000000000000001 /* PreviewViewModel.swift in Sources */ = {isa = PBXBuildFile; fileRef = A1000018000000000000001 /* PreviewViewModel.swift */; };
		A1000019000000000000001 /* ExportViewModel.swift in Sources */ = {isa = PBXBuildFile; fileRef = A100001A000000000000001 /* ExportViewModel.swift */; };
		A100001B000000000000001 /* MediaPreviewView.swift in Sources */ = {isa = PBXBuildFile; fileRef = A100001C000000000000001 /* MediaPreviewView.swift */; };
		A100001D000000000000001 /* FloatingControlPanel.swift in Sources */ = {isa = PBXBuildFile; fileRef = A100001E000000000000001 /* FloatingControlPanel.swift */; };
		A100001F000000000000001 /* ExportSheet.swift in Sources */ = {isa = PBXBuildFile; fileRef = A1000020000000000000001 /* ExportSheet.swift */; };
		A1000021000000000000001 /* ErrorAlert.swift in Sources */ = {isa = PBXBuildFile; fileRef = A1000022000000000000001 /* ErrorAlert.swift */; };
		A1000023000000000000001 /* Assets.xcassets in Resources */ = {isa = PBXBuildFile; fileRef = A1000024000000000000001 /* Assets.xcassets */; };
		A1000025000000000000001 /* Preview Assets.xcassets in Resources */ = {isa = PBXBuildFile; fileRef = A1000026000000000000001 /* Preview Assets.xcassets */; };
		A1000027000000000000001 /* LocalMediaEnhancerTests.swift in Sources */ = {isa = PBXBuildFile; fileRef = A1000028000000000000001 /* LocalMediaEnhancerTests.swift */; };
/* End PBXBuildFile section */

/* Begin PBXContainerItemProxy section */
		A1000029000000000000001 /* PBXContainerItemProxy */ = {
			isa = PBXContainerItemProxy;
			containerPortal = A100002A000000000000001 /* Project object */;
			proxyType = 1;
			remoteGlobalIDString = A100002B000000000000001;
			remoteInfo = LocalMediaEnhancer;
		};
/* End PBXContainerItemProxy section */

/* Begin PBXFileReference section */
		A100002C000000000000001 /* LocalMediaEnhancer.app */ = {isa = PBXFileReference; explicitFileType = wrapper.application; includeInIndex = 0; path = LocalMediaEnhancer.app; sourceTree = BUILT_PRODUCTS_DIR; };
		A100002D000000000000001 /* LocalMediaEnhancerTests.xctest */ = {isa = PBXFileReference; explicitFileType = wrapper.cfbundle; includeInIndex = 0; path = LocalMediaEnhancerTests.xctest; sourceTree = BUILT_PRODUCTS_DIR; };
		A1000002000000000000001 /* LocalMediaEnhancerApp.swift */ = {isa = PBXFileReference; lastKnownFileType = sourcecode.swift; path = LocalMediaEnhancerApp.swift; sourceTree = "<group>"; };
		A1000004000000000000001 /* MainView.swift */ = {isa = PBXFileReference; lastKnownFileType = sourcecode.swift; path = MainView.swift; sourceTree = "<group>"; };
		A1000006000000000000001 /* MediaAsset.swift */ = {isa = PBXFileReference; lastKnownFileType = sourcecode.swift; path = MediaAsset.swift; sourceTree = "<group>"; };
		A1000008000000000000001 /* EnhancementSettings.swift */ = {isa = PBXFileReference; lastKnownFileType = sourcecode.swift; path = EnhancementSettings.swift; sourceTree = "<group>"; };
		A100000A000000000000001 /* ExportTask.swift */ = {isa = PBXFileReference; lastKnownFileType = sourcecode.swift; path = ExportTask.swift; sourceTree = "<group>"; };
		A100000C000000000000001 /* PhotoLibraryManager.swift */ = {isa = PBXFileReference; lastKnownFileType = sourcecode.swift; path = PhotoLibraryManager.swift; sourceTree = "<group>"; };
		A100000E000000000000001 /* ImageEnhancer.swift */ = {isa = PBXFileReference; lastKnownFileType = sourcecode.swift; path = ImageEnhancer.swift; sourceTree = "<group>"; };
		A1000010000000000000001 /* VideoEnhancer.swift */ = {isa = PBXFileReference; lastKnownFileType = sourcecode.swift; path = VideoEnhancer.swift; sourceTree = "<group>"; };
		A1000012000000000000001 /* VideoFrameDecoder.swift */ = {isa = PBXFileReference; lastKnownFileType = sourcecode.swift; path = VideoFrameDecoder.swift; sourceTree = "<group>"; };
		A1000014000000000000001 /* MetalRenderer.swift */ = {isa = PBXFileReference; lastKnownFileType = sourcecode.swift; path = MetalRenderer.swift; sourceTree = "<group>"; };
		A1000016000000000000001 /* ExportManager.swift */ = {isa = PBXFileReference; lastKnownFileType = sourcecode.swift; path = ExportManager.swift; sourceTree = "<group>"; };
		A1000018000000000000001 /* PreviewViewModel.swift */ = {isa = PBXFileReference; lastKnownFileType = sourcecode.swift; path = PreviewViewModel.swift; sourceTree = "<group>"; };
		A100001A000000000000001 /* ExportViewModel.swift */ = {isa = PBXFileReference; lastKnownFileType = sourcecode.swift; path = ExportViewModel.swift; sourceTree = "<group>"; };
		A100001C000000000000001 /* MediaPreviewView.swift */ = {isa = PBXFileReference; lastKnownFileType = sourcecode.swift; path = MediaPreviewView.swift; sourceTree = "<group>"; };
		A100001E000000000000001 /* FloatingControlPanel.swift */ = {isa = PBXFileReference; lastKnownFileType = sourcecode.swift; path = FloatingControlPanel.swift; sourceTree = "<group>"; };
		A100002000000000000001 /* ExportSheet.swift */ = {isa = PBXFileReference; lastKnownFileType = sourcecode.swift; path = ExportSheet.swift; sourceTree = "<group>"; };
		A1000022000000000000001 /* ErrorAlert.swift */ = {isa = PBXFileReference; lastKnownFileType = sourcecode.swift; path = ErrorAlert.swift; sourceTree = "<group>"; };
		A1000024000000000000001 /* Assets.xcassets */ = {isa = PBXFileReference; lastKnownFileType = folder.assetcatalog; path = Assets.xcassets; sourceTree = "<group>"; };
		A1000026000000000000001 /* Preview Assets.xcassets */ = {isa = PBXFileReference; lastKnownFileType = folder.assetcatalog; path = "Preview Assets.xcassets"; sourceTree = "<group>"; };
		A1000028000000000000001 /* LocalMediaEnhancerTests.swift */ = {isa = PBXFileReference; lastKnownFileType = sourcecode.swift; path = LocalMediaEnhancerTests.swift; sourceTree = "<group>"; };
/* End PBXFileReference section */

/* Begin PBXFrameworksBuildPhase section */
		A100002E000000000000001 /* Frameworks */ = {
			isa = PBXFrameworksBuildPhase;
			buildActionMask = 2147483647;
			files = (
			);
			runOnlyForDeploymentPostprocessing = 0;
		};
		A100002F000000000000001 /* Frameworks */ = {
			isa = PBXFrameworksBuildPhase;
			buildActionMask = 2147483647;
			files = (
			);
			runOnlyForDeploymentPostprocessing = 0;
		};
/* End PBXFrameworksBuildPhase section */

/* Begin PBXGroup section */
		A1000030000000000000001 = {
			isa = PBXGroup;
			children = (
				A1000031000000000000001 /* LocalMediaEnhancer */,
				A1000032000000000000001 /* LocalMediaEnhancerTests */,
				A1000033000000000000001 /* Products */,
			);
			sourceTree = "<group>";
		};
		A1000033000000000000001 /* Products */ = {
			isa = PBXGroup;
			children = (
				A100002C000000000000001 /* LocalMediaEnhancer.app */,
				A100002D000000000000001 /* LocalMediaEnhancerTests.xctest */,
			);
			name = Products;
			sourceTree = "<group>";
		};
		A1000031000000000000001 /* LocalMediaEnhancer */ = {
			isa = PBXGroup;
			children = (
				A1000002000000000000001 /* LocalMediaEnhancerApp.swift */,
				A1000034000000000000001 /* Views */,
				A1000035000000000000001 /* ViewModels */,
				A1000036000000000000001 /* Models */,
				A1000037000000000000001 /* Services */,
				A1000024000000000000001 /* Assets.xcassets */,
				A1000038000000000000001 /* Preview Content */,
			);
			path = LocalMediaEnhancer;
			sourceTree = "<group>";
		};
		A1000034000000000000001 /* Views */ = {
			isa = PBXGroup;
			children = (
				A1000004000000000000001 /* MainView.swift */,
				A100001C000000000000001 /* MediaPreviewView.swift */,
				A100001E000000000000001 /* FloatingControlPanel.swift */,
				A100002000000000000001 /* ExportSheet.swift */,
				A1000039000000000000001 /* Components */,
			);
			path = Views;
			sourceTree = "<group>";
		};
		A1000039000000000000001 /* Components */ = {
			isa = PBXGroup;
			children = (
				A1000022000000000000001 /* ErrorAlert.swift */,
			);
			path = Components;
			sourceTree = "<group>";
		};
		A1000035000000000000001 /* ViewModels */ = {
			isa = PBXGroup;
			children = (
				A1000018000000000000001 /* PreviewViewModel.swift */,
				A100001A000000000000001 /* ExportViewModel.swift */,
			);
			path = ViewModels;
			sourceTree = "<group>";
		};
		A1000036000000000000001 /* Models */ = {
			isa = PBXGroup;
			children = (
				A1000006000000000000001 /* MediaAsset.swift */,
				A1000008000000000000001 /* EnhancementSettings.swift */,
				A100000A000000000000001 /* ExportTask.swift */,
			);
			path = Models;
			sourceTree = "<group>";
		};
		A1000037000000000000001 /* Services */ = {
			isa = PBXGroup;
			children = (
				A100000C000000000000001 /* PhotoLibraryManager.swift */,
				A100000E000000000000001 /* ImageEnhancer.swift */,
				A1000010000000000000001 /* VideoEnhancer.swift */,
				A1000012000000000000001 /* VideoFrameDecoder.swift */,
				A1000014000000000000001 /* MetalRenderer.swift */,
				A1000016000000000000001 /* ExportManager.swift */,
			);
			path = Services;
			sourceTree = "<group>";
		};
		A1000038000000000000001 /* Preview Content */ = {
			isa = PBXGroup;
			children = (
				A1000026000000000000001 /* Preview Assets.xcassets */,
			);
			path = "Preview Content";
			sourceTree = "<group>";
		};
		A1000032000000000000001 /* LocalMediaEnhancerTests */ = {
			isa = PBXGroup;
			children = (
				A1000028000000000000001 /* LocalMediaEnhancerTests.swift */,
			);
			path = LocalMediaEnhancerTests;
			sourceTree = "<group>";
		};
/* End PBXGroup section */

/* Begin PBXNativeTarget section */
		A100002B000000000000001 /* LocalMediaEnhancer */ = {
			isa = PBXNativeTarget;
			buildConfigurationList = A100003A000000000000001 /* Build configuration list for PBXNativeTarget "LocalMediaEnhancer" */;
			buildPhases = (
				A100003B000000000000001 /* Sources */,
				A100002E000000000000001 /* Frameworks */,
				A100003C000000000000001 /* Resources */,
			);
			buildRules = (
			);
			dependencies = (
			);
			name = LocalMediaEnhancer;
			productName = LocalMediaEnhancer;
			productReference = A100002C000000000000001 /* LocalMediaEnhancer.app */;
			productType = "com.apple.product-type.application";
		};
		A100003D000000000000001 /* LocalMediaEnhancerTests */ = {
			isa = PBXNativeTarget;
			buildConfigurationList = A100003E000000000000001 /* Build configuration list for PBXNativeTarget "LocalMediaEnhancerTests" */;
			buildPhases = (
				A100003F000000000000001 /* Sources */,
				A100002F000000000000001 /* Frameworks */,
				A100004000000000000001 /* Resources */,
			);
			buildRules = (
			);
			dependencies = (
				A1000041000000000000001 /* PBXTargetDependency */,
			);
			name = LocalMediaEnhancerTests;
			productName = LocalMediaEnhancerTests;
			productReference = A100002D000000000000001 /* LocalMediaEnhancerTests.xctest */;
			productType = "com.apple.product-type.bundle.unit-test";
		};
/* End PBXNativeTarget section */

/* Begin PBXProject section */
		A100002A000000000000001 /* Project object */ = {
			isa = PBXProject;
			attributes = {
				BuildIndependentTargetsInParallel = 1;
				LastSwiftUpdateCheck = 2600;
				LastUpgradeCheck = 2600;
				TargetAttributes = {
					A100002B000000000000001 = {
						CreatedOnToolsVersion = 26.0;
					};
					A100003D000000000000001 = {
						CreatedOnToolsVersion = 26.0;
						TestTargetID = A100002B000000000000001;
					};
				};
			};
			buildConfigurationList = A1000042000000000000001 /* Build configuration list for PBXProject "LocalMediaEnhancer" */;
			compatibilityVersion = "Xcode 14.0";
			developmentRegion = en;
			hasScannedForEncodings = 0;
			knownRegions = (
				en,
				Base,
			);
			mainGroup = A1000030000000000000001;
			productRefGroup = A1000033000000000000001 /* Products */;
			projectDirPath = "";
			projectRoot = "";
			targets = (
				A100002B000000000000001 /* LocalMediaEnhancer */,
				A100003D000000000000001 /* LocalMediaEnhancerTests */,
			);
		};
/* End PBXProject section */

/* Begin PBXResourcesBuildPhase section */
		A100003C000000000000001 /* Resources */ = {
			isa = PBXResourcesBuildPhase;
			buildActionMask = 2147483647;
			files = (
				A1000025000000000000001 /* Preview Assets.xcassets in Resources */,
				A1000023000000000000001 /* Assets.xcassets in Resources */,
			);
			runOnlyForDeploymentPostprocessing = 0;
		};
		A100004000000000000001 /* Resources */ = {
			isa = PBXResourcesBuildPhase;
			buildActionMask = 2147483647;
			files = (
			);
			runOnlyForDeploymentPostprocessing = 0;
		};
/* End PBXResourcesBuildPhase section */

/* Begin PBXSourcesBuildPhase section */
		A100003B000000000000001 /* Sources */ = {
			isa = PBXSourcesBuildPhase;
			buildActionMask = 2147483647;
			files = (
				A1000001000000000000001 /* LocalMediaEnhancerApp.swift in Sources */,
				A1000003000000000000001 /* MainView.swift in Sources */,
				A1000005000000000000001 /* MediaAsset.swift in Sources */,
				A1000007000000000000001 /* EnhancementSettings.swift in Sources */,
				A1000009000000000000001 /* ExportTask.swift in Sources */,
				A100000B000000000000001 /* PhotoLibraryManager.swift in Sources */,
				A100000D000000000000001 /* ImageEnhancer.swift in Sources */,
				A100000F000000000000001 /* VideoEnhancer.swift in Sources */,
				A1000011000000000000001 /* VideoFrameDecoder.swift in Sources */,
				A1000013000000000000001 /* MetalRenderer.swift in Sources */,
				A1000015000000000000001 /* ExportManager.swift in Sources */,
				A1000017000000000000001 /* PreviewViewModel.swift in Sources */,
				A1000019000000000000001 /* ExportViewModel.swift in Sources */,
				A100001B000000000000001 /* MediaPreviewView.swift in Sources */,
				A100001D000000000000001 /* FloatingControlPanel.swift in Sources */,
				A100001F000000000000001 /* ExportSheet.swift in Sources */,
				A1000021000000000000001 /* ErrorAlert.swift in Sources */,
			);
			runOnlyForDeploymentPostprocessing = 0;
		};
		A100003F000000000000001 /* Sources */ = {
			isa = PBXSourcesBuildPhase;
			buildActionMask = 2147483647;
			files = (
				A1000027000000000000001 /* LocalMediaEnhancerTests.swift in Sources */,
			);
			runOnlyForDeploymentPostprocessing = 0;
		};
/* End PBXSourcesBuildPhase section */

/* Begin PBXTargetDependency section */
		A1000041000000000000001 /* PBXTargetDependency */ = {
			isa = PBXTargetDependency;
			target = A100002B000000000000001 /* LocalMediaEnhancer */;
			targetProxy = A1000029000000000000001 /* PBXContainerItemProxy */;
		};
/* End PBXTargetDependency section */

/* Begin XCBuildConfiguration section */
		A1000043000000000000001 /* Debug */ = {
			isa = XCBuildConfiguration;
			buildSettings = {
				ALWAYS_SEARCH_USER_PATHS = NO;
				CLANG_ANALYZER_NONNULL = YES;
				CLANG_ANALYZER_NUMBER_OBJECT_CONVERSION = YES_AGGRESSIVE;
				CLANG_CXX_LANGUAGE_STANDARD = "gnu++20";
				CLANG_ENABLE_MODULES = YES;
				CLANG_ENABLE_OBJC_ARC = YES;
				CLANG_ENABLE_OBJC_WEAK = YES;
				CLANG_WARN_BLOCK_CAPTURE_AUTORELEASING = YES;
				CLANG_WARN_BOOL_CONVERSION = YES;
				CLANG_WARN_COMMA = YES;
				CLANG_WARN_CONSTANT_CONVERSION = YES;
				CLANG_WARN_DEPRECATED_OBJC_IMPLEMENTATIONS = YES;
				CLANG_WARN_DIRECT_OBJC_ISA_USAGE = YES_ERROR;
				CLANG_WARN_DOCUMENTATION_COMMENTS = YES;
				CLANG_WARN_EMPTY_BODY = YES;
				CLANG_WARN_ENUM_CONVERSION = YES;
				CLANG_WARN_INFINITE_RECURSION = YES;
				CLANG_WARN_INT_CONVERSION = YES;
				CLANG_WARN_NON_LITERAL_NULL_CONVERSION = YES;
				CLANG_WARN_OBJC_IMPLICIT_RETAIN_SELF = YES;
				CLANG_WARN_OBJC_LITERAL_CONVERSION = YES;
				CLANG_WARN_OBJC_ROOT_CLASS = YES_ERROR;
				CLANG_WARN_QUOTED_INCLUDE_IN_FRAMEWORK_HEADER = YES;
				CLANG_WARN_RANGE_LOOP_ANALYSIS = YES;
				CLANG_WARN_STRICT_PROTOTYPES = YES;
				CLANG_WARN_SUSPICIOUS_MOVE = YES;
				CLANG_WARN_UNGUARDED_AVAILABILITY = YES_AGGRESSIVE;
				CLANG_WARN_UNREACHABLE_CODE = YES;
				CLANG_WARN__DUPLICATE_METHOD_MATCH = YES;
				COPY_PHASE_STRIP = NO;
				DEBUG_INFORMATION_FORMAT = dwarf;
				ENABLE_STRICT_OBJC_MSGSEND = YES;
				ENABLE_TESTABILITY = YES;
				ENABLE_USER_SCRIPT_SANDBOXING = YES;
				GCC_C_LANGUAGE_STANDARD = gnu17;
				GCC_DYNAMIC_NO_PIC = NO;
				GCC_NO_COMMON_BLOCKS = YES;
				GCC_OPTIMIZATION_LEVEL = 0;
				GCC_PREPROCESSOR_DEFINITIONS = (
					"DEBUG=1",
					"$(inherited)",
				);
				GCC_WARN_64_TO_32_BIT_CONVERSION = YES;
				GCC_WARN_ABOUT_RETURN_TYPE = YES_ERROR;
				GCC_WARN_UNDECLARED_SELECTOR = YES;
				GCC_WARN_UNINITIALIZED_AUTOS = YES_AGGRESSIVE;
				GCC_WARN_UNUSED_FUNCTION = YES;
				GCC_WARN_UNUSED_VARIABLE = YES;
				IPHONEOS_DEPLOYMENT_TARGET = 18.0;
				MTL_ENABLE_DEBUG_INFO = INCLUDE_SOURCE;
				MTL_FAST_MATH = YES;
				ONLY_ACTIVE_ARCH = YES;
				SDKROOT = iphoneos;
				SWIFT_ACTIVE_COMPILATION_CONDITIONS = "DEBUG $(inherited)";
				SWIFT_OPTIMIZATION_LEVEL = "-Onone";
			};
			name = Debug;
		};
		A1000044000000000000001 /* Release */ = {
			isa = XCBuildConfiguration;
			buildSettings = {
				ALWAYS_SEARCH_USER_PATHS = NO;
				CLANG_ANALYZER_NONNULL = YES;
				CLANG_ANALYZER_NUMBER_OBJECT_CONVERSION = YES_AGGRESSIVE;
				CLANG_CXX_LANGUAGE_STANDARD = "gnu++20";
				CLANG_ENABLE_MODULES = YES;
				CLANG_ENABLE_OBJC_ARC = YES;
				CLANG_ENABLE_OBJC_WEAK = YES;
				CLANG_WARN_BLOCK_CAPTURE_AUTORELEASING = YES;
				CLANG_WARN_BOOL_CONVERSION = YES;
				CLANG_WARN_COMMA = YES;
				CLANG_WARN_CONSTANT_CONVERSION = YES;
				CLANG_WARN_DEPRECATED_OBJC_IMPLEMENTATIONS = YES;
				CLANG_WARN_DIRECT_OBJC_ISA_USAGE = YES_ERROR;
				CLANG_WARN_DOCUMENTATION_COMMENTS = YES;
				CLANG_WARN_EMPTY_BODY = YES;
				CLANG_WARN_ENUM_CONVERSION = YES;
				CLANG_WARN_INFINITE_RECURSION = YES;
				CLANG_WARN_INT_CONVERSION = YES;
				CLANG_WARN_NON_LITERAL_NULL_CONVERSION = YES;
				CLANG_WARN_OBJC_IMPLICIT_RETAIN_SELF = YES;
				CLANG_WARN_OBJC_LITERAL_CONVERSION = YES;
				CLANG_WARN_OBJC_ROOT_CLASS = YES_ERROR;
				CLANG_WARN_QUOTED_INCLUDE_IN_FRAMEWORK_HEADER = YES;
				CLANG_WARN_RANGE_LOOP_ANALYSIS = YES;
				CLANG_WARN_STRICT_PROTOTYPES = YES;
				CLANG_WARN_SUSPICIOUS_MOVE = YES;
				CLANG_WARN_UNGUARDED_AVAILABILITY = YES_AGGRESSIVE;
				CLANG_WARN_UNREACHABLE_CODE = YES;
				CLANG_WARN__DUPLICATE_METHOD_MATCH = YES;
				COPY_PHASE_STRIP = NO;
				DEBUG_INFORMATION_FORMAT = "dwarf-with-dsym";
				ENABLE_NS_ASSERTIONS = NO;
				ENABLE_STRICT_OBJC_MSGSEND = YES;
				ENABLE_USER_SCRIPT_SANDBOXING = YES;
				GCC_C_LANGUAGE_STANDARD = gnu17;
				GCC_NO_COMMON_BLOCKS = YES;
				GCC_WARN_64_TO_32_BIT_CONVERSION = YES;
				GCC_WARN_ABOUT_RETURN_TYPE = YES_ERROR;
				GCC_WARN_UNDECLARED_SELECTOR = YES;
				GCC_WARN_UNINITIALIZED_AUTOS = YES_AGGRESSIVE;
				GCC_WARN_UNUSED_FUNCTION = YES;
				GCC_WARN_UNUSED_VARIABLE = YES;
				IPHONEOS_DEPLOYMENT_TARGET = 18.0;
				MTL_ENABLE_DEBUG_INFO = NO;
				MTL_FAST_MATH = YES;
				SDKROOT = iphoneos;
				SWIFT_COMPILATION_MODE = wholemodule;
				VALIDATE_PRODUCT = YES;
			};
			name = Release;
		};
		A1000045000000000000001 /* Debug */ = {
			isa = XCBuildConfiguration;
			buildSettings = {
				ASSETCATALOG_COMPILER_APPICON_NAME = AppIcon;
				ASSETCATALOG_COMPILER_GLOBAL_ACCENT_COLOR_NAME = AccentColor;
				CODE_SIGN_STYLE = Automatic;
				CURRENT_PROJECT_VERSION = 1;
				DEVELOPMENT_ASSET_PATHS = "\"LocalMediaEnhancer/Preview Content\"";
				ENABLE_PREVIEWS = YES;
				GENERATE_INFOPLIST_FILE = YES;
				INFOPLIST_KEY_UIApplicationSceneManifest_Generation = YES;
				INFOPLIST_KEY_UIApplicationSupportsIndirectInputEvents = YES;
				INFOPLIST_KEY_UILaunchScreen_Generation = YES;
				INFOPLIST_KEY_UIStatusBarHidden = NO;
				INFOPLIST_KEY_NSPhotoLibraryUsageDescription = "需要访问相册以导入本地图片和视频文件进行媒体增强处理，所有处理均在本地离线完成。";
				INFOPLIST_KEY_NSPhotoLibraryAddUsageDescription = "需要将增强后的图片和视频保存到相册。";
				LD_RUNPATH_SEARCH_PATHS = (
					"$(inherited)",
					"@executable_path/Frameworks",
				);
				MARKETING_VERSION = 1.0;
				PRODUCT_BUNDLE_IDENTIFIER = com.localmedia.enhancer;
				PRODUCT_NAME = "$(TARGET_NAME)";
				SWIFT_EMIT_LOC_STRINGS = YES;
				SWIFT_VERSION = 5.0;
				TARGETED_DEVICE_FAMILY = "1,2";
			};
			name = Debug;
		};
		A1000046000000000000001 /* Release */ = {
			isa = XCBuildConfiguration;
			buildSettings = {
				ASSETCATALOG_COMPILER_APPICON_NAME = AppIcon;
				ASSETCATALOG_COMPILER_GLOBAL_ACCENT_COLOR_NAME = AccentColor;
				CODE_SIGN_STYLE = Automatic;
				CURRENT_PROJECT_VERSION = 1;
				DEVELOPMENT_ASSET_PATHS = "\"LocalMediaEnhancer/Preview Content\"";
				ENABLE_PREVIEWS = YES;
				GENERATE_INFOPLIST_FILE = YES;
				INFOPLIST_KEY_UIApplicationSceneManifest_Generation = YES;
				INFOPLIST_KEY_UIApplicationSupportsIndirectInputEvents = YES;
				INFOPLIST_KEY_UILaunchScreen_Generation = YES;
				INFOPLIST_KEY_UIStatusBarHidden = NO;
				INFOPLIST_KEY_NSPhotoLibraryUsageDescription = "需要访问相册以导入本地图片和视频文件进行媒体增强处理，所有处理均在本地离线完成。";
				INFOPLIST_KEY_NSPhotoLibraryAddUsageDescription = "需要将增强后的图片和视频保存到相册。";
				LD_RUNPATH_SEARCH_PATHS = (
					"$(inherited)",
					"@executable_path/Frameworks",
				);
				MARKETING_VERSION = 1.0;
				PRODUCT_BUNDLE_IDENTIFIER = com.localmedia.enhancer;
				PRODUCT_NAME = "$(TARGET_NAME)";
				SWIFT_EMIT_LOC_STRINGS = YES;
				SWIFT_VERSION = 5.0;
				TARGETED_DEVICE_FAMILY = "1,2";
			};
			name = Release;
		};
		A1000047000000000000001 /* Debug */ = {
			isa = XCBuildConfiguration;
			buildSettings = {
				BUNDLE_LOADER = "$(TEST_HOST)";
				CODE_SIGN_STYLE = Automatic;
				CURRENT_PROJECT_VERSION = 1;
				GENERATE_INFOPLIST_FILE = YES;
				LD_RUNPATH_SEARCH_PATHS = (
					"$(inherited)",
					"@executable_path/Frameworks",
					"@loader_path/Frameworks",
				);
				MARKETING_VERSION = 1.0;
				PRODUCT_BUNDLE_IDENTIFIER = com.localmedia.enhancerTests;
				PRODUCT_NAME = "$(TARGET_NAME)";
				SWIFT_EMIT_LOC_STRINGS = YES;
				SWIFT_VERSION = 5.0;
				TARGETED_DEVICE_FAMILY = "1,2";
				TEST_HOST = "$(BUILT_PRODUCTS_DIR)/LocalMediaEnhancer.app/$(BUNDLE_EXECUTABLE_FOLDER_PATH)/LocalMediaEnhancer";
			};
			name = Debug;
		};
		A1000048000000000000001 /* Release */ = {
			isa = XCBuildConfiguration;
			buildSettings = {
				BUNDLE_LOADER = "$(TEST_HOST)";
				CODE_SIGN_STYLE = Automatic;
				CURRENT_PROJECT_VERSION = 1;
				GENERATE_INFOPLIST_FILE = YES;
				LD_RUNPATH_SEARCH_PATHS = (
					"$(inherited)",
					"@executable_path/Frameworks",
					"@loader_path/Frameworks",
				);
				MARKETING_VERSION = 1.0;
				PRODUCT_BUNDLE_IDENTIFIER = com.localmedia.enhancerTests;
				PRODUCT_NAME = "$(TARGET_NAME)";
				SWIFT_EMIT_LOC_STRINGS = YES;
				SWIFT_VERSION = 5.0;
				TARGETED_DEVICE_FAMILY = "1,2";
				TEST_HOST = "$(BUILT_PRODUCTS_DIR)/LocalMediaEnhancer.app/$(BUNDLE_EXECUTABLE_FOLDER_PATH)/LocalMediaEnhancer";
			};
			name = Release;
		};
/* End XCBuildConfiguration section */

/* Begin XCConfigurationList section */
		A1000042000000000000001 /* Build configuration list for PBXProject "LocalMediaEnhancer" */ = {
			isa = XCConfigurationList;
			buildConfigurations = (
				A1000043000000000000001 /* Debug */,
				A1000044000000000000001 /* Release */,
			);
			defaultConfigurationIsVisible = 0;
			defaultConfigurationName = Release;
		};
		A100003A000000000000001 /* Build configuration list for PBXNativeTarget "LocalMediaEnhancer" */ = {
			isa = XCConfigurationList;
			buildConfigurations = (
				A1000045000000000000001 /* Debug */,
				A1000046000000000000001 /* Release */,
			);
			defaultConfigurationIsVisible = 0;
			defaultConfigurationName = Release;
		};
		A100003E000000000000001 /* Build configuration list for PBXNativeTarget "LocalMediaEnhancerTests" */ = {
			isa = XCConfigurationList;
			buildConfigurations = (
				A1000047000000000000001 /* Debug */,
				A1000048000000000000001 /* Release */,
			);
			defaultConfigurationIsVisible = 0;
			defaultConfigurationName = Release;
		};
/* End XCConfigurationList section */
	};
	rootObject = A100002A000000000000001 /* Project object */;
}
